
Microsoft Visual Studio Solution File, Format Version 12.00
# Visual Studio 15
VisualStudioVersion = 15.0.28307.421
MinimumVisualStudioVersion = 10.0.40219.1
Project("{FAE04EC0-301F-11D3-BF4B-00C04F79EFBC}") = "dosyadaki_hakikat", "dosyadaki_hakikat.csproj", "{BB13965D-D6C0-4545-8386-505CC3E4ADEC}"
EndProject
Global
	GlobalSection(SolutionConfigurationPlatforms) = preSolution
		Debug|Any CPU = Debug|Any CPU
		Release|Any CPU = Release|Any CPU
	EndGlobalSection
	GlobalSection(ProjectConfigurationPlatforms) = postSolution
		{BB13965D-D6C0-4545-8386-505CC3E4ADEC}.Debug|Any CPU.ActiveCfg = Debug|Any CPU
		{BB13965D-D6C0-4545-8386-505CC3E4ADEC}.Debug|Any CPU.Build.0 = Debug|Any CPU
		{BB13965D-D6C0-4545-8386-505CC3E4ADEC}.Release|Any CPU.ActiveCfg = Release|Any CPU
		{BB13965D-D6C0-4545-8386-505CC3E4ADEC}.Release|Any CPU.Build.0 = Release|Any CPU
	EndGlobalSection
	GlobalSection(SolutionProperties) = preSolution
		HideSolutionNode = FALSE
	EndGlobalSection
	GlobalSection(ExtensibilityGlobals) = postSolution
		SolutionGuid = {EE787DF9-6DBB-4DC0-A962-19BC25434892}
	EndGlobalSection
EndGlobal
